github.com/oarkflow/date v0.0.5 h1:bVs/7dGsKDMkHH0388FKlLjdRx9FG1EQL+8zGOHFY2s=
github.com/oarkflow/date v0.0.5/go.mod h1:xQTFc6p6O5VX6J75ZrPJbelIFGca1ASmhpgirFqL8vM=
github.com/oarkflow/jet v0.0.4 h1:rs0nTzodye/9zhrSX7FlR80Gjaty6ei2Ln0pmaUrdwg=
github.com/oarkflow/jet v0.0.4/go.mod h1:YXIc47aYyx1xKpnmuz1Z9o88cxxa47r7X3lfUAxZ0Qg=
github.com/oarkflow/zlog v0.0.3 h1:E4rX90tBwJEiO1bBSUIA0xRl5aw6SQsUiL0ki+1r1eU=
github.com/oarkflow/zlog v0.0.3/go.mod h1:zMwaPtZMtZzOwVqTuWpS6m0O3i5/Wn8wDmoiwAPXzRE=
